
Microsoft Visual Studio Solution File, Format Version 12.00
# Visual Studio Version 16
VisualStudioVersion = 16.0.30011.22
MinimumVisualStudioVersion = 10.0.40219.1
Project("{FAE04EC0-301F-11D3-BF4B-00C04F79EFBC}") = "Semana11", "Semana11\Semana11.csproj", "{EFEF20E2-177D-4E49-9F56-5BE10FFC7583}"
EndProject
Global
	GlobalSection(SolutionConfigurationPlatforms) = preSolution
		Debug|Any CPU = Debug|Any CPU
		Release|Any CPU = Release|Any CPU
	EndGlobalSection
	GlobalSection(ProjectConfigurationPlatforms) = postSolution
		{EFEF20E2-177D-4E49-9F56-5BE10FFC7583}.Debug|Any CPU.ActiveCfg = Debug|Any CPU
		{EFEF20E2-177D-4E49-9F56-5BE10FFC7583}.Debug|Any CPU.Build.0 = Debug|Any CPU
		{EFEF20E2-177D-4E49-9F56-5BE10FFC7583}.Release|Any CPU.ActiveCfg = Release|Any CPU
		{EFEF20E2-177D-4E49-9F56-5BE10FFC7583}.Release|Any CPU.Build.0 = Release|Any CPU
	EndGlobalSection
	GlobalSection(SolutionProperties) = preSolution
		HideSolutionNode = FALSE
	EndGlobalSection
	GlobalSection(ExtensibilityGlobals) = postSolution
		SolutionGuid = {E017ECBC-94BF-4024-AA0E-00318C93BB66}
	EndGlobalSection
EndGlobal
